
Microsoft Visual Studio Solution File, Format Version 12.00
# Visual Studio Version 17
VisualStudioVersion = 17.4.33213.308
MinimumVisualStudioVersion = 10.0.40219.1
Project("{FAE04EC0-301F-11D3-BF4B-00C04F79EFBC}") = "Lab4", "Lab4.csproj", "{42F3D6BA-21CB-464F-96A7-4F03096C4202}"
EndProject
Global
	GlobalSection(SolutionConfigurationPlatforms) = preSolution
		Debug|Any CPU = Debug|Any CPU
		Release|Any CPU = Release|Any CPU
	EndGlobalSection
	GlobalSection(ProjectConfigurationPlatforms) = postSolution
		{42F3D6BA-21CB-464F-96A7-4F03096C4202}.Debug|Any CPU.ActiveCfg = Debug|Any CPU
		{42F3D6BA-21CB-464F-96A7-4F03096C4202}.Debug|Any CPU.Build.0 = Debug|Any CPU
		{42F3D6BA-21CB-464F-96A7-4F03096C4202}.Release|Any CPU.ActiveCfg = Release|Any CPU
		{42F3D6BA-21CB-464F-96A7-4F03096C4202}.Release|Any CPU.Build.0 = Release|Any CPU
	EndGlobalSection
	GlobalSection(SolutionProperties) = preSolution
		HideSolutionNode = FALSE
	EndGlobalSection
	GlobalSection(ExtensibilityGlobals) = postSolution
		SolutionGuid = {D0905F3A-8EE3-4E59-846F-879AFF03D06D}
	EndGlobalSection
EndGlobal
